{
    "name": "metamob_xs",
    "version": "1.8.6",
    "lockfileVersion": 3,
    "requires": true,
    "packages": {
        "": {
            "name": "metamob_xs",
            "version": "1.8.6",
            "license": "ISC",
            "devDependencies": {
                "@types/node": "^18.16.14"
            }
        },
        "node_modules/@types/node": {
            "version": "18.16.15",
            "resolved": "https://registry.npmjs.org/@types/node/-/node-18.16.15.tgz",
            "integrity": "sha512-fv9H0101Lom0m76x5UekmudO0Vu611ElbTCLOeSbyX5WM6sme3gJ10PHP83pA1/eXbZpnDoTkeY40jykH38ptQ==",
            "dev": true
        }
    }
}
